github.com/ggvm-org/pure v0.1.1 h1:Vosi11ezfshOWshTI4DpAsn7304VzON46J1ogVJSs+M=
github.com/ggvm-org/pure v0.1.1/go.mod h1:JM6aYrAIHRreomMkpZgj7ArNt1DgbrNecEdl1/By+dE=
github.com/ggvm-org/pure v0.2.0 h1:MwQAht7N/ac+hlWY2zGz0NnVo/7jZjM1by59AQikj+A=
github.com/ggvm-org/pure v0.2.0/go.mod h1:JM6aYrAIHRreomMkpZgj7ArNt1DgbrNecEdl1/By+dE=
